
Microsoft Visual Studio Solution File, Format Version 12.00
# Visual Studio Version 16
VisualStudioVersion = 16.0.31005.135
MinimumVisualStudioVersion = 10.0.40219.1
Project("{FAE04EC0-301F-11D3-BF4B-00C04F79EFBC}") = "SingleStoneExercise", "SingleStoneExercise.csproj", "{EC363CCB-3CFD-4804-A9B7-03C1772ED24B}"
EndProject
Global
	GlobalSection(SolutionConfigurationPlatforms) = preSolution
		Debug|Any CPU = Debug|Any CPU
		Release|Any CPU = Release|Any CPU
	EndGlobalSection
	GlobalSection(ProjectConfigurationPlatforms) = postSolution
		{EC363CCB-3CFD-4804-A9B7-03C1772ED24B}.Debug|Any CPU.ActiveCfg = Debug|Any CPU
		{EC363CCB-3CFD-4804-A9B7-03C1772ED24B}.Debug|Any CPU.Build.0 = Debug|Any CPU
		{EC363CCB-3CFD-4804-A9B7-03C1772ED24B}.Release|Any CPU.ActiveCfg = Release|Any CPU
		{EC363CCB-3CFD-4804-A9B7-03C1772ED24B}.Release|Any CPU.Build.0 = Release|Any CPU
	EndGlobalSection
	GlobalSection(SolutionProperties) = preSolution
		HideSolutionNode = FALSE
	EndGlobalSection
	GlobalSection(ExtensibilityGlobals) = postSolution
		SolutionGuid = {EF4F12F7-8265-4495-8A64-7C42E4462985}
	EndGlobalSection
EndGlobal
